// !$*UTF8*$!
{
	archiveVersion = 1;
	classes = {
	};
	objectVersion = 46;
	objects = {

/* Begin PBXBuildFile section */
		02A8524E2433A7BC001F560A /* CameraManager.swift in Sources */ = {isa = PBXBuildFile; fileRef = 454C1F6619E8316A00C81915 /* CameraManager.swift */; };
		454C1F4719E82E2500C81915 /* AppDelegate.swift in Sources */ = {isa = PBXBuildFile; fileRef = 454C1F4619E82E2500C81915 /* AppDelegate.swift */; };
		454C1F4919E82E2500C81915 /* ViewController.swift in Sources */ = {isa = PBXBuildFile; fileRef = 454C1F4819E82E2500C81915 /* ViewController.swift */; };
		454C1F4C19E82E2500C81915 /* Main.storyboard in Resources */ = {isa = PBXBuildFile; fileRef = 454C1F4A19E82E2500C81915 /* Main.storyboard */; };
		454C1F4E19E82E2500C81915 /* Images.xcassets in Resources */ = {isa = PBXBuildFile; fileRef = 454C1F4D19E82E2500C81915 /* Images.xcassets */; };
		454C1F5119E82E2500C81915 /* LaunchScreen.xib in Resources */ = {isa = PBXBuildFile; fileRef = 454C1F4F19E82E2500C81915 /* LaunchScreen.xib */; };
		45A23C181A656BDC00FB48F3 /* ImageViewController.swift in Sources */ = {isa = PBXBuildFile; fileRef = 45A23C171A656BDC00FB48F3 /* ImageViewController.swift */; };
		D71DE8861AD677A7001E62F1 /* CameraManager.h in Headers */ = {isa = PBXBuildFile; fileRef = D71DE8851AD677A7001E62F1 /* CameraManager.h */; settings = {ATTRIBUTES = (Public, ); }; };
		D71DE8981AD677A8001E62F1 /* CameraManager.framework in Frameworks */ = {isa = PBXBuildFile; fileRef = D71DE8811AD677A7001E62F1 /* CameraManager.framework */; };
		D71DE8991AD677A8001E62F1 /* CameraManager.framework in Embed Frameworks */ = {isa = PBXBuildFile; fileRef = D71DE8811AD677A7001E62F1 /* CameraManager.framework */; settings = {ATTRIBUTES = (CodeSignOnCopy, RemoveHeadersOnCopy, ); }; };
/* End PBXBuildFile section */

/* Begin PBXContainerItemProxy section */
		D71DE8961AD677A8001E62F1 /* PBXContainerItemProxy */ = {
			isa = PBXContainerItemProxy;
			containerPortal = 454C1F3919E82E2500C81915 /* Project object */;
			proxyType = 1;
			remoteGlobalIDString = D71DE8801AD677A7001E62F1;
			remoteInfo = CameraManager;
		};
/* End PBXContainerItemProxy section */

/* Begin PBXCopyFilesBuildPhase section */
		D71DE89D1AD677A8001E62F1 /* Embed Frameworks */ = {
			isa = PBXCopyFilesBuildPhase;
			buildActionMask = 2147483647;
			dstPath = "";
			dstSubfolderSpec = 10;
			files = (
				D71DE8991AD677A8001E62F1 /* CameraManager.framework in Embed Frameworks */,
			);
			name = "Embed Frameworks";
			runOnlyForDeploymentPostprocessing = 0;
		};
/* End PBXCopyFilesBuildPhase section */

/* Begin PBXFileReference section */
		454C1F4119E82E2500C81915 /* camera.app */ = {isa = PBXFileReference; explicitFileType = wrapper.application; includeInIndex = 0; path = camera.app; sourceTree = BUILT_PRODUCTS_DIR; };
		454C1F4519E82E2500C81915 /* Info.plist */ = {isa = PBXFileReference; lastKnownFileType = text.plist.xml; path = Info.plist; sourceTree = "<group>"; };
		454C1F4619E82E2500C81915 /* AppDelegate.swift */ = {isa = PBXFileReference; lastKnownFileType = sourcecode.swift; path = AppDelegate.swift; sourceTree = "<group>"; };
		454C1F4819E82E2500C81915 /* ViewController.swift */ = {isa = PBXFileReference; lastKnownFileType = sourcecode.swift; path = ViewController.swift; sourceTree = "<group>"; };
		454C1F4B19E82E2500C81915 /* Base */ = {isa = PBXFileReference; lastKnownFileType = file.storyboard; name = Base; path = Base.lproj/Main.storyboard; sourceTree = "<group>"; };
		454C1F4D19E82E2500C81915 /* Images.xcassets */ = {isa = PBXFileReference; lastKnownFileType = folder.assetcatalog; path = Images.xcassets; sourceTree = "<group>"; };
		454C1F5019E82E2500C81915 /* Base */ = {isa = PBXFileReference; lastKnownFileType = file.xib; name = Base; path = Base.lproj/LaunchScreen.xib; sourceTree = "<group>"; };
		454C1F6619E8316A00C81915 /* CameraManager.swift */ = {isa = PBXFileReference; fileEncoding = 4; lastKnownFileType = sourcecode.swift; path = CameraManager.swift; sourceTree = "<group>"; };
		45A23C171A656BDC00FB48F3 /* ImageViewController.swift */ = {isa = PBXFileReference; fileEncoding = 4; lastKnownFileType = sourcecode.swift; path = ImageViewController.swift; sourceTree = "<group>"; };
		D71DE8811AD677A7001E62F1 /* CameraManager.framework */ = {isa = PBXFileReference; explicitFileType = wrapper.framework; includeInIndex = 0; path = CameraManager.framework; sourceTree = BUILT_PRODUCTS_DIR; };
		D71DE8841AD677A7001E62F1 /* Info.plist */ = {isa = PBXFileReference; lastKnownFileType = text.plist.xml; path = Info.plist; sourceTree = "<group>"; };
		D71DE8851AD677A7001E62F1 /* CameraManager.h */ = {isa = PBXFileReference; lastKnownFileType = sourcecode.c.h; path = CameraManager.h; sourceTree = "<group>"; };
/* End PBXFileReference section */

/* Begin PBXFrameworksBuildPhase section */
		454C1F3E19E82E2500C81915 /* Frameworks */ = {
			isa = PBXFrameworksBuildPhase;
			buildActionMask = 2147483647;
			files = (
				D71DE8981AD677A8001E62F1 /* CameraManager.framework in Frameworks */,
			);
			runOnlyForDeploymentPostprocessing = 0;
		};
		D71DE87D1AD677A7001E62F1 /* Frameworks */ = {
			isa = PBXFrameworksBuildPhase;
			buildActionMask = 2147483647;
			files = (
			);
			runOnlyForDeploymentPostprocessing = 0;
		};
/* End PBXFrameworksBuildPhase section */

/* Begin PBXGroup section */
		454C1F3819E82E2500C81915 = {
			isa = PBXGroup;
			children = (
				454C1F4319E82E2500C81915 /* Example App */,
				D71DE8821AD677A7001E62F1 /* Sources */,
				454C1F4219E82E2500C81915 /* Products */,
			);
			sourceTree = "<group>";
		};
		454C1F4219E82E2500C81915 /* Products */ = {
			isa = PBXGroup;
			children = (
				454C1F4119E82E2500C81915 /* camera.app */,
				D71DE8811AD677A7001E62F1 /* CameraManager.framework */,
			);
			name = Products;
			sourceTree = "<group>";
		};
		454C1F4319E82E2500C81915 /* Example App */ = {
			isa = PBXGroup;
			children = (
				454C1F4619E82E2500C81915 /* AppDelegate.swift */,
				454C1F4819E82E2500C81915 /* ViewController.swift */,
				45A23C171A656BDC00FB48F3 /* ImageViewController.swift */,
				454C1F4D19E82E2500C81915 /* Images.xcassets */,
				454C1F4F19E82E2500C81915 /* LaunchScreen.xib */,
				454C1F4A19E82E2500C81915 /* Main.storyboard */,
				454C1F4419E82E2500C81915 /* Supporting Files */,
			);
			path = "Example App";
			sourceTree = "<group>";
		};
		454C1F4419E82E2500C81915 /* Supporting Files */ = {
			isa = PBXGroup;
			children = (
				454C1F4519E82E2500C81915 /* Info.plist */,
			);
			name = "Supporting Files";
			sourceTree = "<group>";
		};
		D71DE8821AD677A7001E62F1 /* Sources */ = {
			isa = PBXGroup;
			children = (
				454C1F6619E8316A00C81915 /* CameraManager.swift */,
				D71DE8851AD677A7001E62F1 /* CameraManager.h */,
				D71DE8831AD677A7001E62F1 /* Supporting Files */,
			);
			path = Sources;
			sourceTree = "<group>";
		};
		D71DE8831AD677A7001E62F1 /* Supporting Files */ = {
			isa = PBXGroup;
			children = (
				D71DE8841AD677A7001E62F1 /* Info.plist */,
			);
			name = "Supporting Files";
			sourceTree = "<group>";
		};
/* End PBXGroup section */

/* Begin PBXHeadersBuildPhase section */
		D71DE87E1AD677A7001E62F1 /* Headers */ = {
			isa = PBXHeadersBuildPhase;
			buildActionMask = 2147483647;
			files = (
				D71DE8861AD677A7001E62F1 /* CameraManager.h in Headers */,
			);
			runOnlyForDeploymentPostprocessing = 0;
		};
/* End PBXHeadersBuildPhase section */

/* Begin PBXNativeTarget section */
		454C1F4019E82E2500C81915 /* camera */ = {
			isa = PBXNativeTarget;
			buildConfigurationList = 454C1F6019E82E2500C81915 /* Build configuration list for PBXNativeTarget "camera" */;
			buildPhases = (
				454C1F3D19E82E2500C81915 /* Sources */,
				454C1F3E19E82E2500C81915 /* Frameworks */,
				454C1F3F19E82E2500C81915 /* Resources */,
				D71DE89D1AD677A8001E62F1 /* Embed Frameworks */,
			);
			buildRules = (
			);
			dependencies = (
				D71DE8971AD677A8001E62F1 /* PBXTargetDependency */,
			);
			name = camera;
			productName = camera;
			productReference = 454C1F4119E82E2500C81915 /* camera.app */;
			productType = "com.apple.product-type.application";
		};
		D71DE8801AD677A7001E62F1 /* CameraManager */ = {
			isa = PBXNativeTarget;
			buildConfigurationList = D71DE89A1AD677A8001E62F1 /* Build configuration list for PBXNativeTarget "CameraManager" */;
			buildPhases = (
				D71DE87C1AD677A7001E62F1 /* Sources */,
				D71DE87D1AD677A7001E62F1 /* Frameworks */,
				D71DE87E1AD677A7001E62F1 /* Headers */,
				D71DE87F1AD677A7001E62F1 /* Resources */,
			);
			buildRules = (
			);
			dependencies = (
			);
			name = CameraManager;
			productName = CameraManager;
			productReference = D71DE8811AD677A7001E62F1 /* CameraManager.framework */;
			productType = "com.apple.product-type.framework";
		};
/* End PBXNativeTarget section */

/* Begin PBXProject section */
		454C1F3919E82E2500C81915 /* Project object */ = {
			isa = PBXProject;
			attributes = {
				LastSwiftUpdateCheck = 0700;
				LastUpgradeCheck = 1130;
				ORGANIZATIONNAME = imaginaryCloud;
				TargetAttributes = {
					454C1F4019E82E2500C81915 = {
						CreatedOnToolsVersion = 6.0.1;
						DevelopmentTeam = QM7HJTY23M;
						LastSwiftMigration = 1130;
						ProvisioningStyle = Automatic;
					};
					D71DE8801AD677A7001E62F1 = {
						CreatedOnToolsVersion = 6.3;
						LastSwiftMigration = 1130;
					};
				};
			};
			buildConfigurationList = 454C1F3C19E82E2500C81915 /* Build configuration list for PBXProject "CameraManager" */;
			compatibilityVersion = "Xcode 3.2";
			developmentRegion = en;
			hasScannedForEncodings = 0;
			knownRegions = (
				en,
				Base,
			);
			mainGroup = 454C1F3819E82E2500C81915;
			productRefGroup = 454C1F4219E82E2500C81915 /* Products */;
			projectDirPath = "";
			projectRoot = "";
			targets = (
				454C1F4019E82E2500C81915 /* camera */,
				D71DE8801AD677A7001E62F1 /* CameraManager */,
			);
		};
/* End PBXProject section */

/* Begin PBXResourcesBuildPhase section */
		454C1F3F19E82E2500C81915 /* Resources */ = {
			isa = PBXResourcesBuildPhase;
			buildActionMask = 2147483647;
			files = (
				454C1F4C19E82E2500C81915 /* Main.storyboard in Resources */,
				454C1F5119E82E2500C81915 /* LaunchScreen.xib in Resources */,
				454C1F4E19E82E2500C81915 /* Images.xcassets in Resources */,
			);
			runOnlyForDeploymentPostprocessing = 0;
		};
		D71DE87F1AD677A7001E62F1 /* Resources */ = {
			isa = PBXResourcesBuildPhase;
			buildActionMask = 2147483647;
			files = (
			);
			runOnlyForDeploymentPostprocessing = 0;
		};
/* End PBXResourcesBuildPhase section */

/* Begin PBXSourcesBuildPhase section */
		454C1F3D19E82E2500C81915 /* Sources */ = {
			isa = PBXSourcesBuildPhase;
			buildActionMask = 2147483647;
			files = (
				454C1F4919E82E2500C81915 /* ViewController.swift in Sources */,
				45A23C181A656BDC00FB48F3 /* ImageViewController.swift in Sources */,
				454C1F4719E82E2500C81915 /* AppDelegate.swift in Sources */,
			);
			runOnlyForDeploymentPostprocessing = 0;
		};
		D71DE87C1AD677A7001E62F1 /* Sources */ = {
			isa = PBXSourcesBuildPhase;
			buildActionMask = 2147483647;
			files = (
				02A8524E2433A7BC001F560A /* CameraManager.swift in Sources */,
			);
			runOnlyForDeploymentPostprocessing = 0;
		};
/* End PBXSourcesBuildPhase section */

/* Begin PBXTargetDependency section */
		D71DE8971AD677A8001E62F1 /* PBXTargetDependency */ = {
			isa = PBXTargetDependency;
			target = D71DE8801AD677A7001E62F1 /* CameraManager */;
			targetProxy = D71DE8961AD677A8001E62F1 /* PBXContainerItemProxy */;
		};
/* End PBXTargetDependency section */

/* Begin PBXVariantGroup section */
		454C1F4A19E82E2500C81915 /* Main.storyboard */ = {
			isa = PBXVariantGroup;
			children = (
				454C1F4B19E82E2500C81915 /* Base */,
			);
			name = Main.storyboard;
			sourceTree = "<group>";
		};
		454C1F4F19E82E2500C81915 /* LaunchScreen.xib */ = {
			isa = PBXVariantGroup;
			children = (
				454C1F5019E82E2500C81915 /* Base */,
			);
			name = LaunchScreen.xib;
			sourceTree = "<group>";
		};
/* End PBXVariantGroup section */

/* Begin XCBuildConfiguration section */
		454C1F5E19E82E2500C81915 /* Debug */ = {
			isa = XCBuildConfiguration;
			buildSettings = {
				ALWAYS_SEARCH_USER_PATHS = NO;
				CLANG_ANALYZER_LOCALIZABILITY_NONLOCALIZED = YES;
				CLANG_CXX_LANGUAGE_STANDARD = "gnu++0x";
				CLANG_CXX_LIBRARY = "libc++";
				CLANG_ENABLE_MODULES = YES;
				CLANG_ENABLE_OBJC_ARC = YES;
				CLANG_WARN_BLOCK_CAPTURE_AUTORELEASING = YES;
				CLANG_WARN_BOOL_CONVERSION = YES;
				CLANG_WARN_COMMA = YES;
				CLANG_WARN_CONSTANT_CONVERSION = YES;
				CLANG_WARN_DEPRECATED_OBJC_IMPLEMENTATIONS = YES;
				CLANG_WARN_DIRECT_OBJC_ISA_USAGE = YES_ERROR;
				CLANG_WARN_EMPTY_BODY = YES;
				CLANG_WARN_ENUM_CONVERSION = YES;
				CLANG_WARN_INFINITE_RECURSION = YES;
				CLANG_WARN_INT_CONVERSION = YES;
				CLANG_WARN_NON_LITERAL_NULL_CONVERSION = YES;
				CLANG_WARN_OBJC_IMPLICIT_RETAIN_SELF = YES;
				CLANG_WARN_OBJC_LITERAL_CONVERSION = YES;
				CLANG_WARN_OBJC_ROOT_CLASS = YES_ERROR;
				CLANG_WARN_RANGE_LOOP_ANALYSIS = YES;
				CLANG_WARN_STRICT_PROTOTYPES = YES;
				CLANG_WARN_SUSPICIOUS_MOVE = YES;
				CLANG_WARN_UNREACHABLE_CODE = YES;
				CLANG_WARN__DUPLICATE_METHOD_MATCH = YES;
				"CODE_SIGN_ENTITLEMENTS[sdk=iphoneos*]" = "";
				"CODE_SIGN_IDENTITY[sdk=iphoneos*]" = "iPhone Developer";
				COPY_PHASE_STRIP = NO;
				ENABLE_STRICT_OBJC_MSGSEND = YES;
				ENABLE_TESTABILITY = YES;
				GCC_C_LANGUAGE_STANDARD = gnu99;
				GCC_DYNAMIC_NO_PIC = NO;
				GCC_NO_COMMON_BLOCKS = YES;
				GCC_OPTIMIZATION_LEVEL = 0;
				GCC_PREPROCESSOR_DEFINITIONS = (
					"DEBUG=1",
					"$(inherited)",
				);
				GCC_SYMBOLS_PRIVATE_EXTERN = NO;
				GCC_WARN_64_TO_32_BIT_CONVERSION = YES;
				GCC_WARN_ABOUT_RETURN_TYPE = YES_ERROR;
				GCC_WARN_UNDECLARED_SELECTOR = YES;
				GCC_WARN_UNINITIALIZED_AUTOS = YES_AGGRESSIVE;
				GCC_WARN_UNUSED_FUNCTION = YES;
				GCC_WARN_UNUSED_VARIABLE = YES;
				IPHONEOS_DEPLOYMENT_TARGET = 8.0;
				MTL_ENABLE_DEBUG_INFO = YES;
				ONLY_ACTIVE_ARCH = YES;
				SDKROOT = iphoneos;
				SWIFT_OPTIMIZATION_LEVEL = "-Onone";
				SWIFT_VERSION = 5.0;
				TARGETED_DEVICE_FAMILY = "1,2";
			};
			name = Debug;
		};
		454C1F5F19E82E2500C81915 /* Release */ = {
			isa = XCBuildConfiguration;
			buildSettings = {
				ALWAYS_SEARCH_USER_PATHS = NO;
				CLANG_ANALYZER_LOCALIZABILITY_NONLOCALIZED = YES;
				CLANG_CXX_LANGUAGE_STANDARD = "gnu++0x";
				CLANG_CXX_LIBRARY = "libc++";
				CLANG_ENABLE_MODULES = YES;
				CLANG_ENABLE_OBJC_ARC = YES;
				CLANG_WARN_BLOCK_CAPTURE_AUTORELEASING = YES;
				CLANG_WARN_BOOL_CONVERSION = YES;
				CLANG_WARN_COMMA = YES;
				CLANG_WARN_CONSTANT_CONVERSION = YES;
				CLANG_WARN_DEPRECATED_OBJC_IMPLEMENTATIONS = YES;
				CLANG_WARN_DIRECT_OBJC_ISA_USAGE = YES_ERROR;
				CLANG_WARN_EMPTY_BODY = YES;
				CLANG_WARN_ENUM_CONVERSION = YES;
				CLANG_WARN_INFINITE_RECURSION = YES;
				CLANG_WARN_INT_CONVERSION = YES;
				CLANG_WARN_NON_LITERAL_NULL_CONVERSION = YES;
				CLANG_WARN_OBJC_IMPLICIT_RETAIN_SELF = YES;
				CLANG_WARN_OBJC_LITERAL_CONVERSION = YES;
				CLANG_WARN_OBJC_ROOT_CLASS = YES_ERROR;
				CLANG_WARN_RANGE_LOOP_ANALYSIS = YES;
				CLANG_WARN_STRICT_PROTOTYPES = YES;
				CLANG_WARN_SUSPICIOUS_MOVE = YES;
				CLANG_WARN_UNREACHABLE_CODE = YES;
				CLANG_WARN__DUPLICATE_METHOD_MATCH = YES;
				"CODE_SIGN_IDENTITY[sdk=iphoneos*]" = "iPhone Developer";
				COPY_PHASE_STRIP = YES;
				ENABLE_NS_ASSERTIONS = NO;
				ENABLE_STRICT_OBJC_MSGSEND = YES;
				GCC_C_LANGUAGE_STANDARD = gnu99;
				GCC_NO_COMMON_BLOCKS = YES;
				GCC_WARN_64_TO_32_BIT_CONVERSION = YES;
				GCC_WARN_ABOUT_RETURN_TYPE = YES_ERROR;
				GCC_WARN_UNDECLARED_SELECTOR = YES;
				GCC_WARN_UNINITIALIZED_AUTOS = YES_AGGRESSIVE;
				GCC_WARN_UNUSED_FUNCTION = YES;
				GCC_WARN_UNUSED_VARIABLE = YES;
				IPHONEOS_DEPLOYMENT_TARGET = 8.0;
				MTL_ENABLE_DEBUG_INFO = NO;
				SDKROOT = iphoneos;
				SWIFT_OPTIMIZATION_LEVEL = "-Owholemodule";
				SWIFT_VERSION = 5.0;
				TARGETED_DEVICE_FAMILY = "1,2";
				VALIDATE_PRODUCT = YES;
			};
			name = Release;
		};
		454C1F6119E82E2500C81915 /* Debug */ = {
			isa = XCBuildConfiguration;
			buildSettings = {
				ALWAYS_EMBED_SWIFT_STANDARD_LIBRARIES = YES;
				ASSETCATALOG_COMPILER_APPICON_NAME = AppIcon;
				BUILD_LIBRARY_FOR_DISTRIBUTION = NO;
				CODE_SIGN_IDENTITY = "iPhone Developer";
				CODE_SIGN_STYLE = Automatic;
				DEVELOPMENT_TEAM = QM7HJTY23M;
				INFOPLIST_FILE = "Example App/Info.plist";
				IPHONEOS_DEPLOYMENT_TARGET = 9.0;
				LD_RUNPATH_SEARCH_PATHS = "$(inherited) @executable_path/Frameworks";
				MARKETING_VERSION = 5.0.0;
				PRODUCT_BUNDLE_IDENTIFIER = cameraDemo;
				PRODUCT_NAME = "$(TARGET_NAME)";
				PROVISIONING_PROFILE_SPECIFIER = "";
				SWIFT_SWIFT3_OBJC_INFERENCE = Default;
				SWIFT_VERSION = 5.0;
			};
			name = Debug;
		};
		454C1F6219E82E2500C81915 /* Release */ = {
			isa = XCBuildConfiguration;
			buildSettings = {
				ALWAYS_EMBED_SWIFT_STANDARD_LIBRARIES = YES;
				ASSETCATALOG_COMPILER_APPICON_NAME = AppIcon;
				BUILD_LIBRARY_FOR_DISTRIBUTION = NO;
				CODE_SIGN_IDENTITY = "iPhone Developer";
				CODE_SIGN_STYLE = Automatic;
				DEVELOPMENT_TEAM = QM7HJTY23M;
				INFOPLIST_FILE = camera/Info.plist;
				IPHONEOS_DEPLOYMENT_TARGET = 9.0;
				LD_RUNPATH_SEARCH_PATHS = "$(inherited) @executable_path/Frameworks";
				MARKETING_VERSION = 5.0.0;
				PRODUCT_BUNDLE_IDENTIFIER = cameraDemo;
				PRODUCT_NAME = "$(TARGET_NAME)";
				PROVISIONING_PROFILE_SPECIFIER = "";
				SWIFT_SWIFT3_OBJC_INFERENCE = Default;
				SWIFT_VERSION = 5.0;
			};
			name = Release;
		};
		D71DE89B1AD677A8001E62F1 /* Debug */ = {
			isa = XCBuildConfiguration;
			buildSettings = {
				"CODE_SIGN_IDENTITY[sdk=iphoneos*]" = "";
				CURRENT_PROJECT_VERSION = 1;
				DEBUG_INFORMATION_FORMAT = "dwarf-with-dsym";
				DEFINES_MODULE = YES;
				DYLIB_COMPATIBILITY_VERSION = 1;
				DYLIB_CURRENT_VERSION = 1;
				DYLIB_INSTALL_NAME_BASE = "@rpath";
				GCC_NO_COMMON_BLOCKS = YES;
				GCC_PREPROCESSOR_DEFINITIONS = (
					"DEBUG=1",
					"$(inherited)",
				);
				INFOPLIST_FILE = Sources/Info.plist;
				INSTALL_PATH = "$(LOCAL_LIBRARY_DIR)/Frameworks";
				IPHONEOS_DEPLOYMENT_TARGET = 9.0;
				LD_RUNPATH_SEARCH_PATHS = "$(inherited) @executable_path/Frameworks @loader_path/Frameworks";
				PRODUCT_BUNDLE_IDENTIFIER = "com.imaginarycloud.$(PRODUCT_NAME:rfc1034identifier)";
				PRODUCT_NAME = "$(TARGET_NAME)";
				SKIP_INSTALL = YES;
				SWIFT_SWIFT3_OBJC_INFERENCE = Default;
				SWIFT_VERSION = 5.0;
				VERSIONING_SYSTEM = "apple-generic";
				VERSION_INFO_PREFIX = "";
			};
			name = Debug;
		};
		D71DE89C1AD677A8001E62F1 /* Release */ = {
			isa = XCBuildConfiguration;
			buildSettings = {
				"CODE_SIGN_IDENTITY[sdk=iphoneos*]" = "";
				COPY_PHASE_STRIP = NO;
				CURRENT_PROJECT_VERSION = 1;
				DEBUG_INFORMATION_FORMAT = "dwarf-with-dsym";
				DEFINES_MODULE = YES;
				DYLIB_COMPATIBILITY_VERSION = 1;
				DYLIB_CURRENT_VERSION = 1;
				DYLIB_INSTALL_NAME_BASE = "@rpath";
				GCC_NO_COMMON_BLOCKS = YES;
				INFOPLIST_FILE = Sources/Info.plist;
				INSTALL_PATH = "$(LOCAL_LIBRARY_DIR)/Frameworks";
				IPHONEOS_DEPLOYMENT_TARGET = 9.0;
				LD_RUNPATH_SEARCH_PATHS = "$(inherited) @executable_path/Frameworks @loader_path/Frameworks";
				PRODUCT_BUNDLE_IDENTIFIER = "com.imaginarycloud.$(PRODUCT_NAME:rfc1034identifier)";
				PRODUCT_NAME = "$(TARGET_NAME)";
				SKIP_INSTALL = YES;
				SWIFT_SWIFT3_OBJC_INFERENCE = Default;
				SWIFT_VERSION = 5.0;
				VERSIONING_SYSTEM = "apple-generic";
				VERSION_INFO_PREFIX = "";
			};
			name = Release;
		};
/* End XCBuildConfiguration section */

/* Begin XCConfigurationList section */
		454C1F3C19E82E2500C81915 /* Build configuration list for PBXProject "CameraManager" */ = {
			isa = XCConfigurationList;
			buildConfigurations = (
				454C1F5E19E82E2500C81915 /* Debug */,
				454C1F5F19E82E2500C81915 /* Release */,
			);
			defaultConfigurationIsVisible = 0;
			defaultConfigurationName = Release;
		};
		454C1F6019E82E2500C81915 /* Build configuration list for PBXNativeTarget "camera" */ = {
			isa = XCConfigurationList;
			buildConfigurations = (
				454C1F6119E82E2500C81915 /* Debug */,
				454C1F6219E82E2500C81915 /* Release */,
			);
			defaultConfigurationIsVisible = 0;
			defaultConfigurationName = Release;
		};
		D71DE89A1AD677A8001E62F1 /* Build configuration list for PBXNativeTarget "CameraManager" */ = {
			isa = XCConfigurationList;
			buildConfigurations = (
				D71DE89B1AD677A8001E62F1 /* Debug */,
				D71DE89C1AD677A8001E62F1 /* Release */,
			);
			defaultConfigurationIsVisible = 0;
			defaultConfigurationName = Release;
		};
/* End XCConfigurationList section */
	};
	rootObject = 454C1F3919E82E2500C81915 /* Project object */;
}
